
Microsoft Visual Studio Solution File, Format Version 12.00
# Visual Studio 15
VisualStudioVersion = 15.0.27130.2036
MinimumVisualStudioVersion = 10.0.40219.1
Project("{8BC9CEB8-8B4A-11D0-8D11-00A0C91BC942}") = "CSP", "CSP\CSP.vcxproj", "{C8138026-2A33-4AF7-9064-8761CCC62193}"
EndProject
Global
	GlobalSection(SolutionConfigurationPlatforms) = preSolution
		Debug|x64 = Debug|x64
		Debug|x86 = Debug|x86
		Release|x64 = Release|x64
		Release|x86 = Release|x86
	EndGlobalSection
	GlobalSection(ProjectConfigurationPlatforms) = postSolution
		{C8138026-2A33-4AF7-9064-8761CCC62193}.Debug|x64.ActiveCfg = Debug|x64
		{C8138026-2A33-4AF7-9064-8761CCC62193}.Debug|x64.Build.0 = Debug|x64
		{C8138026-2A33-4AF7-9064-8761CCC62193}.Debug|x86.ActiveCfg = Debug|Win32
		{C8138026-2A33-4AF7-9064-8761CCC62193}.Debug|x86.Build.0 = Debug|Win32
		{C8138026-2A33-4AF7-9064-8761CCC62193}.Release|x64.ActiveCfg = Release|x64
		{C8138026-2A33-4AF7-9064-8761CCC62193}.Release|x64.Build.0 = Release|x64
		{C8138026-2A33-4AF7-9064-8761CCC62193}.Release|x86.ActiveCfg = Release|Win32
		{C8138026-2A33-4AF7-9064-8761CCC62193}.Release|x86.Build.0 = Release|Win32
	EndGlobalSection
	GlobalSection(SolutionProperties) = preSolution
		HideSolutionNode = FALSE
	EndGlobalSection
	GlobalSection(ExtensibilityGlobals) = postSolution
		SolutionGuid = {C5FB885E-08B2-4014-B8E2-370D6DC932D9}
	EndGlobalSection
EndGlobal
